
Microsoft Visual Studio Solution File, Format Version 12.00
# Visual Studio Version 17
VisualStudioVersion = 17.8.34525.116
MinimumVisualStudioVersion = 10.0.40219.1
Project("{FAE04EC0-301F-11D3-BF4B-00C04F79EFBC}") = "DN8BlazorSignalR", "DN8BlazorSignalR\DN8BlazorSignalR\DN8BlazorSignalR.csproj", "{0BA6A80C-AE80-4B16-9258-E7E2E3E17654}"
EndProject
Project("{FAE04EC0-301F-11D3-BF4B-00C04F79EFBC}") = "DN8BlazorSignalR.Client", "DN8BlazorSignalR\DN8BlazorSignalR.Client\DN8BlazorSignalR.Client.csproj", "{FFF8EFBD-9991-4DAB-B395-E1D441C3DC11}"
EndProject
Global
	GlobalSection(SolutionConfigurationPlatforms) = preSolution
		Debug|Any CPU = Debug|Any CPU
		Release|Any CPU = Release|Any CPU
	EndGlobalSection
	GlobalSection(ProjectConfigurationPlatforms) = postSolution
		{0BA6A80C-AE80-4B16-9258-E7E2E3E17654}.Debug|Any CPU.ActiveCfg = Debug|Any CPU
		{0BA6A80C-AE80-4B16-9258-E7E2E3E17654}.Debug|Any CPU.Build.0 = Debug|Any CPU
		{0BA6A80C-AE80-4B16-9258-E7E2E3E17654}.Release|Any CPU.ActiveCfg = Release|Any CPU
		{0BA6A80C-AE80-4B16-9258-E7E2E3E17654}.Release|Any CPU.Build.0 = Release|Any CPU
		{FFF8EFBD-9991-4DAB-B395-E1D441C3DC11}.Debug|Any CPU.ActiveCfg = Debug|Any CPU
		{FFF8EFBD-9991-4DAB-B395-E1D441C3DC11}.Debug|Any CPU.Build.0 = Debug|Any CPU
		{FFF8EFBD-9991-4DAB-B395-E1D441C3DC11}.Release|Any CPU.ActiveCfg = Release|Any CPU
		{FFF8EFBD-9991-4DAB-B395-E1D441C3DC11}.Release|Any CPU.Build.0 = Release|Any CPU
	EndGlobalSection
	GlobalSection(SolutionProperties) = preSolution
		HideSolutionNode = FALSE
	EndGlobalSection
	GlobalSection(ExtensibilityGlobals) = postSolution
		SolutionGuid = {4D7AF4D7-2C30-49AD-A7A1-809495657289}
	EndGlobalSection
EndGlobal
